// !$*UTF8*$!
{
	archiveVersion = 1;
	classes = {
	};
	objectVersion = 55;
	objects = {

/* Begin PBXBuildFile section */
		049FD34A281AFB68003E58C5 /* AppDelegate.swift in Sources */ = {isa = PBXBuildFile; fileRef = 049FD349281AFB68003E58C5 /* AppDelegate.swift */; };
		049FD34C281AFB68003E58C5 /* SceneDelegate.swift in Sources */ = {isa = PBXBuildFile; fileRef = 049FD34B281AFB68003E58C5 /* SceneDelegate.swift */; };
		049FD34E281AFB68003E58C5 /* ViewController.swift in Sources */ = {isa = PBXBuildFile; fileRef = 049FD34D281AFB68003E58C5 /* ViewController.swift */; };
		049FD351281AFB68003E58C5 /* Main.storyboard in Resources */ = {isa = PBXBuildFile; fileRef = 049FD34F281AFB68003E58C5 /* Main.storyboard */; };
		049FD353281AFB6D003E58C5 /* Assets.xcassets in Resources */ = {isa = PBXBuildFile; fileRef = 049FD352281AFB6D003E58C5 /* Assets.xcassets */; };
		049FD356281AFB6D003E58C5 /* LaunchScreen.storyboard in Resources */ = {isa = PBXBuildFile; fileRef = 049FD354281AFB6D003E58C5 /* LaunchScreen.storyboard */; };
		049FD361281AFB6E003E58C5 /* CITestAppTests.swift in Sources */ = {isa = PBXBuildFile; fileRef = 049FD360281AFB6E003E58C5 /* CITestAppTests.swift */; };
		049FD36B281AFB6E003E58C5 /* CITestAppUITests.swift in Sources */ = {isa = PBXBuildFile; fileRef = 049FD36A281AFB6E003E58C5 /* CITestAppUITests.swift */; };
		049FD36D281AFB6E003E58C5 /* CITestAppUITestsLaunchTests.swift in Sources */ = {isa = PBXBuildFile; fileRef = 049FD36C281AFB6E003E58C5 /* CITestAppUITestsLaunchTests.swift */; };
/* End PBXBuildFile section */

/* Begin PBXContainerItemProxy section */
		049FD35D281AFB6E003E58C5 /* PBXContainerItemProxy */ = {
			isa = PBXContainerItemProxy;
			containerPortal = 049FD33E281AFB68003E58C5 /* Project object */;
			proxyType = 1;
			remoteGlobalIDString = 049FD345281AFB68003E58C5;
			remoteInfo = CITestApp;
		};
		049FD367281AFB6E003E58C5 /* PBXContainerItemProxy */ = {
			isa = PBXContainerItemProxy;
			containerPortal = 049FD33E281AFB68003E58C5 /* Project object */;
			proxyType = 1;
			remoteGlobalIDString = 049FD345281AFB68003E58C5;
			remoteInfo = CITestApp;
		};
/* End PBXContainerItemProxy section */

/* Begin PBXFileReference section */
		049FD346281AFB68003E58C5 /* CITestApp.app */ = {isa = PBXFileReference; explicitFileType = wrapper.application; includeInIndex = 0; path = CITestApp.app; sourceTree = BUILT_PRODUCTS_DIR; };
		049FD349281AFB68003E58C5 /* AppDelegate.swift */ = {isa = PBXFileReference; lastKnownFileType = sourcecode.swift; path = AppDelegate.swift; sourceTree = "<group>"; };
		049FD34B281AFB68003E58C5 /* SceneDelegate.swift */ = {isa = PBXFileReference; lastKnownFileType = sourcecode.swift; path = SceneDelegate.swift; sourceTree = "<group>"; };
		049FD34D281AFB68003E58C5 /* ViewController.swift */ = {isa = PBXFileReference; lastKnownFileType = sourcecode.swift; path = ViewController.swift; sourceTree = "<group>"; };
		049FD350281AFB68003E58C5 /* Base */ = {isa = PBXFileReference; lastKnownFileType = file.storyboard; name = Base; path = Base.lproj/Main.storyboard; sourceTree = "<group>"; };
		049FD352281AFB6D003E58C5 /* Assets.xcassets */ = {isa = PBXFileReference; lastKnownFileType = folder.assetcatalog; path = Assets.xcassets; sourceTree = "<group>"; };
		049FD355281AFB6D003E58C5 /* Base */ = {isa = PBXFileReference; lastKnownFileType = file.storyboard; name = Base; path = Base.lproj/LaunchScreen.storyboard; sourceTree = "<group>"; };
		049FD357281AFB6D003E58C5 /* Info.plist */ = {isa = PBXFileReference; lastKnownFileType = text.plist.xml; path = Info.plist; sourceTree = "<group>"; };
		049FD35C281AFB6E003E58C5 /* CITestAppTests.xctest */ = {isa = PBXFileReference; explicitFileType = wrapper.cfbundle; includeInIndex = 0; path = CITestAppTests.xctest; sourceTree = BUILT_PRODUCTS_DIR; };
		049FD360281AFB6E003E58C5 /* CITestAppTests.swift */ = {isa = PBXFileReference; lastKnownFileType = sourcecode.swift; path = CITestAppTests.swift; sourceTree = "<group>"; };
		049FD366281AFB6E003E58C5 /* CITestAppUITests.xctest */ = {isa = PBXFileReference; explicitFileType = wrapper.cfbundle; includeInIndex = 0; path = CITestAppUITests.xctest; sourceTree = BUILT_PRODUCTS_DIR; };
		049FD36A281AFB6E003E58C5 /* CITestAppUITests.swift */ = {isa = PBXFileReference; lastKnownFileType = sourcecode.swift; path = CITestAppUITests.swift; sourceTree = "<group>"; };
		049FD36C281AFB6E003E58C5 /* CITestAppUITestsLaunchTests.swift */ = {isa = PBXFileReference; lastKnownFileType = sourcecode.swift; path = CITestAppUITestsLaunchTests.swift; sourceTree = "<group>"; };
/* End PBXFileReference section */

/* Begin PBXFrameworksBuildPhase section */
		049FD343281AFB68003E58C5 /* Frameworks */ = {
			isa = PBXFrameworksBuildPhase;
			buildActionMask = 2147483647;
			files = (
			);
			runOnlyForDeploymentPostprocessing = 0;
		};
		049FD359281AFB6E003E58C5 /* Frameworks */ = {
			isa = PBXFrameworksBuildPhase;
			buildActionMask = 2147483647;
			files = (
			);
			runOnlyForDeploymentPostprocessing = 0;
		};
		049FD363281AFB6E003E58C5 /* Frameworks */ = {
			isa = PBXFrameworksBuildPhase;
			buildActionMask = 2147483647;
			files = (
			);
			runOnlyForDeploymentPostprocessing = 0;
		};
/* End PBXFrameworksBuildPhase section */

/* Begin PBXGroup section */
		049FD33D281AFB68003E58C5 = {
			isa = PBXGroup;
			children = (
				049FD348281AFB68003E58C5 /* CITestApp */,
				049FD35F281AFB6E003E58C5 /* CITestAppTests */,
				049FD369281AFB6E003E58C5 /* CITestAppUITests */,
				049FD347281AFB68003E58C5 /* Products */,
			);
			sourceTree = "<group>";
		};
		049FD347281AFB68003E58C5 /* Products */ = {
			isa = PBXGroup;
			children = (
				049FD346281AFB68003E58C5 /* CITestApp.app */,
				049FD35C281AFB6E003E58C5 /* CITestAppTests.xctest */,
				049FD366281AFB6E003E58C5 /* CITestAppUITests.xctest */,
			);
			name = Products;
			sourceTree = "<group>";
		};
		049FD348281AFB68003E58C5 /* CITestApp */ = {
			isa = PBXGroup;
			children = (
				049FD349281AFB68003E58C5 /* AppDelegate.swift */,
				049FD34B281AFB68003E58C5 /* SceneDelegate.swift */,
				049FD34D281AFB68003E58C5 /* ViewController.swift */,
				049FD34F281AFB68003E58C5 /* Main.storyboard */,
				049FD352281AFB6D003E58C5 /* Assets.xcassets */,
				049FD354281AFB6D003E58C5 /* LaunchScreen.storyboard */,
				049FD357281AFB6D003E58C5 /* Info.plist */,
			);
			path = CITestApp;
			sourceTree = "<group>";
		};
		049FD35F281AFB6E003E58C5 /* CITestAppTests */ = {
			isa = PBXGroup;
			children = (
				049FD360281AFB6E003E58C5 /* CITestAppTests.swift */,
			);
			path = CITestAppTests;
			sourceTree = "<group>";
		};
		049FD369281AFB6E003E58C5 /* CITestAppUITests */ = {
			isa = PBXGroup;
			children = (
				049FD36A281AFB6E003E58C5 /* CITestAppUITests.swift */,
				049FD36C281AFB6E003E58C5 /* CITestAppUITestsLaunchTests.swift */,
			);
			path = CITestAppUITests;
			sourceTree = "<group>";
		};
/* End PBXGroup section */

/* Begin PBXNativeTarget section */
		049FD345281AFB68003E58C5 /* CITestApp */ = {
			isa = PBXNativeTarget;
			buildConfigurationList = 049FD370281AFB6E003E58C5 /* Build configuration list for PBXNativeTarget "CITestApp" */;
			buildPhases = (
				049FD342281AFB68003E58C5 /* Sources */,
				049FD343281AFB68003E58C5 /* Frameworks */,
				049FD344281AFB68003E58C5 /* Resources */,
			);
			buildRules = (
			);
			dependencies = (
			);
			name = CITestApp;
			productName = CITestApp;
			productReference = 049FD346281AFB68003E58C5 /* CITestApp.app */;
			productType = "com.apple.product-type.application";
		};
		049FD35B281AFB6E003E58C5 /* CITestAppTests */ = {
			isa = PBXNativeTarget;
			buildConfigurationList = 049FD373281AFB6E003E58C5 /* Build configuration list for PBXNativeTarget "CITestAppTests" */;
			buildPhases = (
				049FD358281AFB6E003E58C5 /* Sources */,
				049FD359281AFB6E003E58C5 /* Frameworks */,
				049FD35A281AFB6E003E58C5 /* Resources */,
			);
			buildRules = (
			);
			dependencies = (
				049FD35E281AFB6E003E58C5 /* PBXTargetDependency */,
			);
			name = CITestAppTests;
			productName = CITestAppTests;
			productReference = 049FD35C281AFB6E003E58C5 /* CITestAppTests.xctest */;
			productType = "com.apple.product-type.bundle.unit-test";
		};
		049FD365281AFB6E003E58C5 /* CITestAppUITests */ = {
			isa = PBXNativeTarget;
			buildConfigurationList = 049FD376281AFB6E003E58C5 /* Build configuration list for PBXNativeTarget "CITestAppUITests" */;
			buildPhases = (
				049FD362281AFB6E003E58C5 /* Sources */,
				049FD363281AFB6E003E58C5 /* Frameworks */,
				049FD364281AFB6E003E58C5 /* Resources */,
			);
			buildRules = (
			);
			dependencies = (
				049FD368281AFB6E003E58C5 /* PBXTargetDependency */,
			);
			name = CITestAppUITests;
			productName = CITestAppUITests;
			productReference = 049FD366281AFB6E003E58C5 /* CITestAppUITests.xctest */;
			productType = "com.apple.product-type.bundle.ui-testing";
		};
/* End PBXNativeTarget section */

/* Begin PBXProject section */
		049FD33E281AFB68003E58C5 /* Project object */ = {
			isa = PBXProject;
			attributes = {
				BuildIndependentTargetsInParallel = 1;
				LastSwiftUpdateCheck = 1320;
				LastUpgradeCheck = 1320;
				TargetAttributes = {
					049FD345281AFB68003E58C5 = {
						CreatedOnToolsVersion = 13.2.1;
					};
					049FD35B281AFB6E003E58C5 = {
						CreatedOnToolsVersion = 13.2.1;
						TestTargetID = 049FD345281AFB68003E58C5;
					};
					049FD365281AFB6E003E58C5 = {
						CreatedOnToolsVersion = 13.2.1;
						TestTargetID = 049FD345281AFB68003E58C5;
					};
				};
			};
			buildConfigurationList = 049FD341281AFB68003E58C5 /* Build configuration list for PBXProject "CITestApp" */;
			compatibilityVersion = "Xcode 13.0";
			developmentRegion = en;
			hasScannedForEncodings = 0;
			knownRegions = (
				en,
				Base,
			);
			mainGroup = 049FD33D281AFB68003E58C5;
			productRefGroup = 049FD347281AFB68003E58C5 /* Products */;
			projectDirPath = "";
			projectRoot = "";
			targets = (
				049FD345281AFB68003E58C5 /* CITestApp */,
				049FD35B281AFB6E003E58C5 /* CITestAppTests */,
				049FD365281AFB6E003E58C5 /* CITestAppUITests */,
			);
		};
/* End PBXProject section */

/* Begin PBXResourcesBuildPhase section */
		049FD344281AFB68003E58C5 /* Resources */ = {
			isa = PBXResourcesBuildPhase;
			buildActionMask = 2147483647;
			files = (
				049FD356281AFB6D003E58C5 /* LaunchScreen.storyboard in Resources */,
				049FD353281AFB6D003E58C5 /* Assets.xcassets in Resources */,
				049FD351281AFB68003E58C5 /* Main.storyboard in Resources */,
			);
			runOnlyForDeploymentPostprocessing = 0;
		};
		049FD35A281AFB6E003E58C5 /* Resources */ = {
			isa = PBXResourcesBuildPhase;
			buildActionMask = 2147483647;
			files = (
			);
			runOnlyForDeploymentPostprocessing = 0;
		};
		049FD364281AFB6E003E58C5 /* Resources */ = {
			isa = PBXResourcesBuildPhase;
			buildActionMask = 2147483647;
			files = (
			);
			runOnlyForDeploymentPostprocessing = 0;
		};
/* End PBXResourcesBuildPhase section */

/* Begin PBXSourcesBuildPhase section */
		049FD342281AFB68003E58C5 /* Sources */ = {
			isa = PBXSourcesBuildPhase;
			buildActionMask = 2147483647;
			files = (
				049FD34E281AFB68003E58C5 /* ViewController.swift in Sources */,
				049FD34A281AFB68003E58C5 /* AppDelegate.swift in Sources */,
				049FD34C281AFB68003E58C5 /* SceneDelegate.swift in Sources */,
			);
			runOnlyForDeploymentPostprocessing = 0;
		};
		049FD358281AFB6E003E58C5 /* Sources */ = {
			isa = PBXSourcesBuildPhase;
			buildActionMask = 2147483647;
			files = (
				049FD361281AFB6E003E58C5 /* CITestAppTests.swift in Sources */,
			);
			runOnlyForDeploymentPostprocessing = 0;
		};
		049FD362281AFB6E003E58C5 /* Sources */ = {
			isa = PBXSourcesBuildPhase;
			buildActionMask = 2147483647;
			files = (
				049FD36D281AFB6E003E58C5 /* CITestAppUITestsLaunchTests.swift in Sources */,
				049FD36B281AFB6E003E58C5 /* CITestAppUITests.swift in Sources */,
			);
			runOnlyForDeploymentPostprocessing = 0;
		};
/* End PBXSourcesBuildPhase section */

/* Begin PBXTargetDependency section */
		049FD35E281AFB6E003E58C5 /* PBXTargetDependency */ = {
			isa = PBXTargetDependency;
			target = 049FD345281AFB68003E58C5 /* CITestApp */;
			targetProxy = 049FD35D281AFB6E003E58C5 /* PBXContainerItemProxy */;
		};
		049FD368281AFB6E003E58C5 /* PBXTargetDependency */ = {
			isa = PBXTargetDependency;
			target = 049FD345281AFB68003E58C5 /* CITestApp */;
			targetProxy = 049FD367281AFB6E003E58C5 /* PBXContainerItemProxy */;
		};
/* End PBXTargetDependency section */

/* Begin PBXVariantGroup section */
		049FD34F281AFB68003E58C5 /* Main.storyboard */ = {
			isa = PBXVariantGroup;
			children = (
				049FD350281AFB68003E58C5 /* Base */,
			);
			name = Main.storyboard;
			sourceTree = "<group>";
		};
		049FD354281AFB6D003E58C5 /* LaunchScreen.storyboard */ = {
			isa = PBXVariantGroup;
			children = (
				049FD355281AFB6D003E58C5 /* Base */,
			);
			name = LaunchScreen.storyboard;
			sourceTree = "<group>";
		};
/* End PBXVariantGroup section */

/* Begin XCBuildConfiguration section */
		049FD36E281AFB6E003E58C5 /* Debug */ = {
			isa = XCBuildConfiguration;
			buildSettings = {
				ALWAYS_SEARCH_USER_PATHS = NO;
				CLANG_ANALYZER_NONNULL = YES;
				CLANG_ANALYZER_NUMBER_OBJECT_CONVERSION = YES_AGGRESSIVE;
				CLANG_CXX_LANGUAGE_STANDARD = "gnu++17";
				CLANG_CXX_LIBRARY = "libc++";
				CLANG_ENABLE_MODULES = YES;
				CLANG_ENABLE_OBJC_ARC = YES;
				CLANG_ENABLE_OBJC_WEAK = YES;
				CLANG_WARN_BLOCK_CAPTURE_AUTORELEASING = YES;
				CLANG_WARN_BOOL_CONVERSION = YES;
				CLANG_WARN_COMMA = YES;
				CLANG_WARN_CONSTANT_CONVERSION = YES;
				CLANG_WARN_DEPRECATED_OBJC_IMPLEMENTATIONS = YES;
				CLANG_WARN_DIRECT_OBJC_ISA_USAGE = YES_ERROR;
				CLANG_WARN_DOCUMENTATION_COMMENTS = YES;
				CLANG_WARN_EMPTY_BODY = YES;
				CLANG_WARN_ENUM_CONVERSION = YES;
				CLANG_WARN_INFINITE_RECURSION = YES;
				CLANG_WARN_INT_CONVERSION = YES;
				CLANG_WARN_NON_LITERAL_NULL_CONVERSION = YES;
				CLANG_WARN_OBJC_IMPLICIT_RETAIN_SELF = YES;
				CLANG_WARN_OBJC_LITERAL_CONVERSION = YES;
				CLANG_WARN_OBJC_ROOT_CLASS = YES_ERROR;
				CLANG_WARN_QUOTED_INCLUDE_IN_FRAMEWORK_HEADER = YES;
				CLANG_WARN_RANGE_LOOP_ANALYSIS = YES;
				CLANG_WARN_STRICT_PROTOTYPES = YES;
				CLANG_WARN_SUSPICIOUS_MOVE = YES;
				CLANG_WARN_UNGUARDED_AVAILABILITY = YES_AGGRESSIVE;
				CLANG_WARN_UNREACHABLE_CODE = YES;
				CLANG_WARN__DUPLICATE_METHOD_MATCH = YES;
				COPY_PHASE_STRIP = NO;
				DEBUG_INFORMATION_FORMAT = dwarf;
				ENABLE_STRICT_OBJC_MSGSEND = YES;
				ENABLE_TESTABILITY = YES;
				GCC_C_LANGUAGE_STANDARD = gnu11;
				GCC_DYNAMIC_NO_PIC = NO;
				GCC_NO_COMMON_BLOCKS = YES;
				GCC_OPTIMIZATION_LEVEL = 0;
				GCC_PREPROCESSOR_DEFINITIONS = (
					"DEBUG=1",
					"$(inherited)",
				);
				GCC_WARN_64_TO_32_BIT_CONVERSION = YES;
				GCC_WARN_ABOUT_RETURN_TYPE = YES_ERROR;
				GCC_WARN_UNDECLARED_SELECTOR = YES;
				GCC_WARN_UNINITIALIZED_AUTOS = YES_AGGRESSIVE;
				GCC_WARN_UNUSED_FUNCTION = YES;
				GCC_WARN_UNUSED_VARIABLE = YES;
				IPHONEOS_DEPLOYMENT_TARGET = 15.2;
				MTL_ENABLE_DEBUG_INFO = INCLUDE_SOURCE;
				MTL_FAST_MATH = YES;
				ONLY_ACTIVE_ARCH = YES;
				SDKROOT = iphoneos;
				SWIFT_ACTIVE_COMPILATION_CONDITIONS = DEBUG;
				SWIFT_OPTIMIZATION_LEVEL = "-Onone";
			};
			name = Debug;
		};
		049FD36F281AFB6E003E58C5 /* Release */ = {
			isa = XCBuildConfiguration;
			buildSettings = {
				ALWAYS_SEARCH_USER_PATHS = NO;
				CLANG_ANALYZER_NONNULL = YES;
				CLANG_ANALYZER_NUMBER_OBJECT_CONVERSION = YES_AGGRESSIVE;
				CLANG_CXX_LANGUAGE_STANDARD = "gnu++17";
				CLANG_CXX_LIBRARY = "libc++";
				CLANG_ENABLE_MODULES = YES;
				CLANG_ENABLE_OBJC_ARC = YES;
				CLANG_ENABLE_OBJC_WEAK = YES;
				CLANG_WARN_BLOCK_CAPTURE_AUTORELEASING = YES;
				CLANG_WARN_BOOL_CONVERSION = YES;
				CLANG_WARN_COMMA = YES;
				CLANG_WARN_CONSTANT_CONVERSION = YES;
				CLANG_WARN_DEPRECATED_OBJC_IMPLEMENTATIONS = YES;
				CLANG_WARN_DIRECT_OBJC_ISA_USAGE = YES_ERROR;
				CLANG_WARN_DOCUMENTATION_COMMENTS = YES;
				CLANG_WARN_EMPTY_BODY = YES;
				CLANG_WARN_ENUM_CONVERSION = YES;
				CLANG_WARN_INFINITE_RECURSION = YES;
				CLANG_WARN_INT_CONVERSION = YES;
				CLANG_WARN_NON_LITERAL_NULL_CONVERSION = YES;
				CLANG_WARN_OBJC_IMPLICIT_RETAIN_SELF = YES;
				CLANG_WARN_OBJC_LITERAL_CONVERSION = YES;
				CLANG_WARN_OBJC_ROOT_CLASS = YES_ERROR;
				CLANG_WARN_QUOTED_INCLUDE_IN_FRAMEWORK_HEADER = YES;
				CLANG_WARN_RANGE_LOOP_ANALYSIS = YES;
				CLANG_WARN_STRICT_PROTOTYPES = YES;
				CLANG_WARN_SUSPICIOUS_MOVE = YES;
				CLANG_WARN_UNGUARDED_AVAILABILITY = YES_AGGRESSIVE;
				CLANG_WARN_UNREACHABLE_CODE = YES;
				CLANG_WARN__DUPLICATE_METHOD_MATCH = YES;
				COPY_PHASE_STRIP = NO;
				DEBUG_INFORMATION_FORMAT = "dwarf-with-dsym";
				ENABLE_NS_ASSERTIONS = NO;
				ENABLE_STRICT_OBJC_MSGSEND = YES;
				GCC_C_LANGUAGE_STANDARD = gnu11;
				GCC_NO_COMMON_BLOCKS = YES;
				GCC_WARN_64_TO_32_BIT_CONVERSION = YES;
				GCC_WARN_ABOUT_RETURN_TYPE = YES_ERROR;
				GCC_WARN_UNDECLARED_SELECTOR = YES;
				GCC_WARN_UNINITIALIZED_AUTOS = YES_AGGRESSIVE;
				GCC_WARN_UNUSED_FUNCTION = YES;
				GCC_WARN_UNUSED_VARIABLE = YES;
				IPHONEOS_DEPLOYMENT_TARGET = 15.2;
				MTL_ENABLE_DEBUG_INFO = NO;
				MTL_FAST_MATH = YES;
				SDKROOT = iphoneos;
				SWIFT_COMPILATION_MODE = wholemodule;
				SWIFT_OPTIMIZATION_LEVEL = "-O";
				VALIDATE_PRODUCT = YES;
			};
			name = Release;
		};
		049FD371281AFB6E003E58C5 /* Debug */ = {
			isa = XCBuildConfiguration;
			buildSettings = {
				ASSETCATALOG_COMPILER_APPICON_NAME = AppIcon;
				ASSETCATALOG_COMPILER_GLOBAL_ACCENT_COLOR_NAME = AccentColor;
				CODE_SIGN_STYLE = Automatic;
				CURRENT_PROJECT_VERSION = 1;
				DEVELOPMENT_TEAM = L5KQK28X5U;
				GENERATE_INFOPLIST_FILE = YES;
				INFOPLIST_FILE = CITestApp/Info.plist;
				INFOPLIST_KEY_UIApplicationSupportsIndirectInputEvents = YES;
				INFOPLIST_KEY_UILaunchStoryboardName = LaunchScreen;
				INFOPLIST_KEY_UIMainStoryboardFile = Main;
				INFOPLIST_KEY_UISupportedInterfaceOrientations_iPad = "UIInterfaceOrientationPortrait UIInterfaceOrientationPortraitUpsideDown UIInterfaceOrientationLandscapeLeft UIInterfaceOrientationLandscapeRight";
				INFOPLIST_KEY_UISupportedInterfaceOrientations_iPhone = "UIInterfaceOrientationPortrait UIInterfaceOrientationLandscapeLeft UIInterfaceOrientationLandscapeRight";
				LD_RUNPATH_SEARCH_PATHS = (
					"$(inherited)",
					"@executable_path/Frameworks",
				);
				MARKETING_VERSION = 1.0;
				PRODUCT_BUNDLE_IDENTIFIER = "com.dev-tes.CITestApp";
				PRODUCT_NAME = "$(TARGET_NAME)";
				SWIFT_EMIT_LOC_STRINGS = YES;
				SWIFT_VERSION = 5.0;
				TARGETED_DEVICE_FAMILY = "1,2";
			};
			name = Debug;
		};
		049FD372281AFB6E003E58C5 /* Release */ = {
			isa = XCBuildConfiguration;
			buildSettings = {
				ASSETCATALOG_COMPILER_APPICON_NAME = AppIcon;
				ASSETCATALOG_COMPILER_GLOBAL_ACCENT_COLOR_NAME = AccentColor;
				CODE_SIGN_STYLE = Automatic;
				CURRENT_PROJECT_VERSION = 1;
				DEVELOPMENT_TEAM = L5KQK28X5U;
				GENERATE_INFOPLIST_FILE = YES;
				INFOPLIST_FILE = CITestApp/Info.plist;
				INFOPLIST_KEY_UIApplicationSupportsIndirectInputEvents = YES;
				INFOPLIST_KEY_UILaunchStoryboardName = LaunchScreen;
				INFOPLIST_KEY_UIMainStoryboardFile = Main;
				INFOPLIST_KEY_UISupportedInterfaceOrientations_iPad = "UIInterfaceOrientationPortrait UIInterfaceOrientationPortraitUpsideDown UIInterfaceOrientationLandscapeLeft UIInterfaceOrientationLandscapeRight";
				INFOPLIST_KEY_UISupportedInterfaceOrientations_iPhone = "UIInterfaceOrientationPortrait UIInterfaceOrientationLandscapeLeft UIInterfaceOrientationLandscapeRight";
				LD_RUNPATH_SEARCH_PATHS = (
					"$(inherited)",
					"@executable_path/Frameworks",
				);
				MARKETING_VERSION = 1.0;
				PRODUCT_BUNDLE_IDENTIFIER = "com.dev-tes.CITestApp";
				PRODUCT_NAME = "$(TARGET_NAME)";
				SWIFT_EMIT_LOC_STRINGS = YES;
				SWIFT_VERSION = 5.0;
				TARGETED_DEVICE_FAMILY = "1,2";
			};
			name = Release;
		};
		049FD374281AFB6E003E58C5 /* Debug */ = {
			isa = XCBuildConfiguration;
			buildSettings = {
				ALWAYS_EMBED_SWIFT_STANDARD_LIBRARIES = YES;
				BUNDLE_LOADER = "$(TEST_HOST)";
				CODE_SIGN_STYLE = Automatic;
				CURRENT_PROJECT_VERSION = 1;
				DEVELOPMENT_TEAM = L5KQK28X5U;
				GENERATE_INFOPLIST_FILE = YES;
				IPHONEOS_DEPLOYMENT_TARGET = 15.2;
				MARKETING_VERSION = 1.0;
				PRODUCT_BUNDLE_IDENTIFIER = "com.dev-tes.CITestAppTests";
				PRODUCT_NAME = "$(TARGET_NAME)";
				SWIFT_EMIT_LOC_STRINGS = NO;
				SWIFT_VERSION = 5.0;
				TARGETED_DEVICE_FAMILY = "1,2";
				TEST_HOST = "$(BUILT_PRODUCTS_DIR)/CITestApp.app/CITestApp";
			};
			name = Debug;
		};
		049FD375281AFB6E003E58C5 /* Release */ = {
			isa = XCBuildConfiguration;
			buildSettings = {
				ALWAYS_EMBED_SWIFT_STANDARD_LIBRARIES = YES;
				BUNDLE_LOADER = "$(TEST_HOST)";
				CODE_SIGN_STYLE = Automatic;
				CURRENT_PROJECT_VERSION = 1;
				DEVELOPMENT_TEAM = L5KQK28X5U;
				GENERATE_INFOPLIST_FILE = YES;
				IPHONEOS_DEPLOYMENT_TARGET = 15.2;
				MARKETING_VERSION = 1.0;
				PRODUCT_BUNDLE_IDENTIFIER = "com.dev-tes.CITestAppTests";
				PRODUCT_NAME = "$(TARGET_NAME)";
				SWIFT_EMIT_LOC_STRINGS = NO;
				SWIFT_VERSION = 5.0;
				TARGETED_DEVICE_FAMILY = "1,2";
				TEST_HOST = "$(BUILT_PRODUCTS_DIR)/CITestApp.app/CITestApp";
			};
			name = Release;
		};
		049FD377281AFB6E003E58C5 /* Debug */ = {
			isa = XCBuildConfiguration;
			buildSettings = {
				ALWAYS_EMBED_SWIFT_STANDARD_LIBRARIES = YES;
				CODE_SIGN_STYLE = Automatic;
				CURRENT_PROJECT_VERSION = 1;
				DEVELOPMENT_TEAM = L5KQK28X5U;
				GENERATE_INFOPLIST_FILE = YES;
				MARKETING_VERSION = 1.0;
				PRODUCT_BUNDLE_IDENTIFIER = "com.dev-tes.CITestAppUITests";
				PRODUCT_NAME = "$(TARGET_NAME)";
				SWIFT_EMIT_LOC_STRINGS = NO;
				SWIFT_VERSION = 5.0;
				TARGETED_DEVICE_FAMILY = "1,2";
				TEST_TARGET_NAME = CITestApp;
			};
			name = Debug;
		};
		049FD378281AFB6E003E58C5 /* Release */ = {
			isa = XCBuildConfiguration;
			buildSettings = {
				ALWAYS_EMBED_SWIFT_STANDARD_LIBRARIES = YES;
				CODE_SIGN_STYLE = Automatic;
				CURRENT_PROJECT_VERSION = 1;
				DEVELOPMENT_TEAM = L5KQK28X5U;
				GENERATE_INFOPLIST_FILE = YES;
				MARKETING_VERSION = 1.0;
				PRODUCT_BUNDLE_IDENTIFIER = "com.dev-tes.CITestAppUITests";
				PRODUCT_NAME = "$(TARGET_NAME)";
				SWIFT_EMIT_LOC_STRINGS = NO;
				SWIFT_VERSION = 5.0;
				TARGETED_DEVICE_FAMILY = "1,2";
				TEST_TARGET_NAME = CITestApp;
			};
			name = Release;
		};
/* End XCBuildConfiguration section */

/* Begin XCConfigurationList section */
		049FD341281AFB68003E58C5 /* Build configuration list for PBXProject "CITestApp" */ = {
			isa = XCConfigurationList;
			buildConfigurations = (
				049FD36E281AFB6E003E58C5 /* Debug */,
				049FD36F281AFB6E003E58C5 /* Release */,
			);
			defaultConfigurationIsVisible = 0;
			defaultConfigurationName = Release;
		};
		049FD370281AFB6E003E58C5 /* Build configuration list for PBXNativeTarget "CITestApp" */ = {
			isa = XCConfigurationList;
			buildConfigurations = (
				049FD371281AFB6E003E58C5 /* Debug */,
				049FD372281AFB6E003E58C5 /* Release */,
			);
			defaultConfigurationIsVisible = 0;
			defaultConfigurationName = Release;
		};
		049FD373281AFB6E003E58C5 /* Build configuration list for PBXNativeTarget "CITestAppTests" */ = {
			isa = XCConfigurationList;
			buildConfigurations = (
				049FD374281AFB6E003E58C5 /* Debug */,
				049FD375281AFB6E003E58C5 /* Release */,
			);
			defaultConfigurationIsVisible = 0;
			defaultConfigurationName = Release;
		};
		049FD376281AFB6E003E58C5 /* Build configuration list for PBXNativeTarget "CITestAppUITests" */ = {
			isa = XCConfigurationList;
			buildConfigurations = (
				049FD377281AFB6E003E58C5 /* Debug */,
				049FD378281AFB6E003E58C5 /* Release */,
			);
			defaultConfigurationIsVisible = 0;
			defaultConfigurationName = Release;
		};
/* End XCConfigurationList section */
	};
	rootObject = 049FD33E281AFB68003E58C5 /* Project object */;
}
